
Microsoft Visual Studio Solution File, Format Version 12.00
# Visual Studio 15
VisualStudioVersion = 15.0.27428.2015
MinimumVisualStudioVersion = 10.0.40219.1
Project("{8BC9CEB8-8B4A-11D0-8D11-00A0C91BC942}") = "Library", "Library\Library.vcxproj", "{95EBCD84-3E07-424D-8A37-14AB3C408C8A}"
EndProject
Global
	GlobalSection(SolutionConfigurationPlatforms) = preSolution
		Debug|x64 = Debug|x64
		Debug|x86 = Debug|x86
		Release|x64 = Release|x64
		Release|x86 = Release|x86
	EndGlobalSection
	GlobalSection(ProjectConfigurationPlatforms) = postSolution
		{95EBCD84-3E07-424D-8A37-14AB3C408C8A}.Debug|x64.ActiveCfg = Debug|x64
		{95EBCD84-3E07-424D-8A37-14AB3C408C8A}.Debug|x64.Build.0 = Debug|x64
		{95EBCD84-3E07-424D-8A37-14AB3C408C8A}.Debug|x86.ActiveCfg = Debug|Win32
		{95EBCD84-3E07-424D-8A37-14AB3C408C8A}.Debug|x86.Build.0 = Debug|Win32
		{95EBCD84-3E07-424D-8A37-14AB3C408C8A}.Release|x64.ActiveCfg = Release|x64
		{95EBCD84-3E07-424D-8A37-14AB3C408C8A}.Release|x64.Build.0 = Release|x64
		{95EBCD84-3E07-424D-8A37-14AB3C408C8A}.Release|x86.ActiveCfg = Release|Win32
		{95EBCD84-3E07-424D-8A37-14AB3C408C8A}.Release|x86.Build.0 = Release|Win32
	EndGlobalSection
	GlobalSection(SolutionProperties) = preSolution
		HideSolutionNode = FALSE
	EndGlobalSection
	GlobalSection(ExtensibilityGlobals) = postSolution
		SolutionGuid = {65D3230C-13EB-4006-9AE8-DFA01F705A5E}
	EndGlobalSection
EndGlobal
